{
    "name": "zapbot",
    "version": "1.0.0",
    "lockfileVersion": 1,
    "requires": true,
    "dependencies": {
        "commander": {
            "version": "2.11.0",
            "resolved": "https://registry.npmjs.org/commander/-/commander-2.11.0.tgz",
            "integrity": "sha512-b0553uYA5YAEGgyYIGYROzKQ7X5RAqedkfjiZxwi0kL1g3bOaBNNZfYkzt/CL0umgD5wc9Jec2FbB98CjkMRvQ==",
            "dev": true
        },
        "source-map": {
            "version": "0.6.1",
            "resolved": "https://registry.npmjs.org/source-map/-/source-map-0.6.1.tgz",
            "integrity": "sha512-UjgapumWlbMhkBgzT7Ykc5YXUT46F0iKu8SGXq0bcwP5dz/h0Plj6enJqjz1Zbq2l5WaqYnrVbwWOWMyF3F47g==",
            "dev": true
        },
        "typescript": {
            "version": "2.5.3",
            "resolved": "https://registry.npmjs.org/typescript/-/typescript-2.5.3.tgz",
            "integrity": "sha512-ptLSQs2S4QuS6/OD1eAKG+S5G8QQtrU5RT32JULdZQtM1L3WTi34Wsu48Yndzi8xsObRAB9RPt/KhA9wlpEF6w==",
            "dev": true
        },
        "uglify-js": {
            "version": "3.1.4",
            "resolved": "https://registry.npmjs.org/uglify-js/-/uglify-js-3.1.4.tgz",
            "integrity": "sha512-DcbkPg11Lw2lAWpwCmQDX+qoR4JiII6ypsQmF6tscZtlxGPFAmSRUGuMoVT3/0EHqypVik/TpkH4ITiMJeQqQA==",
            "dev": true,
            "requires": {
                "commander": "2.11.0",
                "source-map": "0.6.1"
            }
        }
    }
}
